
Microsoft Visual Studio Solution File, Format Version 12.00
# Visual Studio Version 17
VisualStudioVersion = 17.13.35913.81 d17.13
MinimumVisualStudioVersion = 10.0.40219.1
Project("{FAE04EC0-301F-11D3-BF4B-00C04F79EFBC}") = "TurnBaseCombat", "TurnBaseCombat\TurnBaseCombat.csproj", "{C31991D8-98A9-4452-BA6D-3F56FBC50C37}"
EndProject
Global
	GlobalSection(SolutionConfigurationPlatforms) = preSolution
		Debug|Any CPU = Debug|Any CPU
		Release|Any CPU = Release|Any CPU
	EndGlobalSection
	GlobalSection(ProjectConfigurationPlatforms) = postSolution
		{C31991D8-98A9-4452-BA6D-3F56FBC50C37}.Debug|Any CPU.ActiveCfg = Debug|Any CPU
		{C31991D8-98A9-4452-BA6D-3F56FBC50C37}.Debug|Any CPU.Build.0 = Debug|Any CPU
		{C31991D8-98A9-4452-BA6D-3F56FBC50C37}.Release|Any CPU.ActiveCfg = Release|Any CPU
		{C31991D8-98A9-4452-BA6D-3F56FBC50C37}.Release|Any CPU.Build.0 = Release|Any CPU
	EndGlobalSection
	GlobalSection(SolutionProperties) = preSolution
		HideSolutionNode = FALSE
	EndGlobalSection
	GlobalSection(ExtensibilityGlobals) = postSolution
		SolutionGuid = {C52083F0-F610-4665-B00D-CB387B420971}
	EndGlobalSection
EndGlobal
